
Microsoft Visual Studio Solution File, Format Version 12.00
# Visual Studio 15
VisualStudioVersion = 15.0.27428.2015
MinimumVisualStudioVersion = 10.0.40219.1
Project("{FAE04EC0-301F-11D3-BF4B-00C04F79EFBC}") = "远程控制", "远程控制\远程控制.csproj", "{BD6238A0-BD8C-4E2B-B9B9-E8C4D14208D1}"
EndProject
Project("{54435603-DBB4-11D2-8724-00A0C9A8B90C}") = "Setup2", "Setup2\Setup2.vdproj", "{B17CE8CA-8EAF-43CD-A2DE-00AAF0B99F45}"
EndProject
Global
	GlobalSection(SolutionConfigurationPlatforms) = preSolution
		Debug|Any CPU = Debug|Any CPU
		Release|Any CPU = Release|Any CPU
	EndGlobalSection
	GlobalSection(ProjectConfigurationPlatforms) = postSolution
		{BD6238A0-BD8C-4E2B-B9B9-E8C4D14208D1}.Debug|Any CPU.ActiveCfg = Debug|Any CPU
		{BD6238A0-BD8C-4E2B-B9B9-E8C4D14208D1}.Debug|Any CPU.Build.0 = Debug|Any CPU
		{BD6238A0-BD8C-4E2B-B9B9-E8C4D14208D1}.Release|Any CPU.ActiveCfg = Release|Any CPU
		{BD6238A0-BD8C-4E2B-B9B9-E8C4D14208D1}.Release|Any CPU.Build.0 = Release|Any CPU
		{B17CE8CA-8EAF-43CD-A2DE-00AAF0B99F45}.Debug|Any CPU.ActiveCfg = Debug
		{B17CE8CA-8EAF-43CD-A2DE-00AAF0B99F45}.Release|Any CPU.ActiveCfg = Release
	EndGlobalSection
	GlobalSection(SolutionProperties) = preSolution
		HideSolutionNode = FALSE
	EndGlobalSection
	GlobalSection(ExtensibilityGlobals) = postSolution
		SolutionGuid = {A77F2AAC-FAAA-4027-B994-C4415D25896C}
	EndGlobalSection
EndGlobal
